
Microsoft Visual Studio Solution File, Format Version 12.00
Project("{FAE04EC0-301F-11D3-BF4B-00C04F79EFBC}") = "AsyncThreadingUtils", "AsyncThreadingUtils\AsyncThreadingUtils.csproj", "{A475D7CB-068C-4AE0-9A83-7E36B849EA43}"
EndProject
Global
	GlobalSection(SolutionConfigurationPlatforms) = preSolution
		Debug|Any CPU = Debug|Any CPU
		Release|Any CPU = Release|Any CPU
	EndGlobalSection
	GlobalSection(ProjectConfigurationPlatforms) = postSolution
		{A475D7CB-068C-4AE0-9A83-7E36B849EA43}.Debug|Any CPU.ActiveCfg = Debug|Any CPU
		{A475D7CB-068C-4AE0-9A83-7E36B849EA43}.Debug|Any CPU.Build.0 = Debug|Any CPU
		{A475D7CB-068C-4AE0-9A83-7E36B849EA43}.Release|Any CPU.ActiveCfg = Release|Any CPU
		{A475D7CB-068C-4AE0-9A83-7E36B849EA43}.Release|Any CPU.Build.0 = Release|Any CPU
	EndGlobalSection
EndGlobal
